
Microsoft Visual Studio Solution File, Format Version 12.00
# Visual Studio Version 17
VisualStudioVersion = 17.7.34031.279
MinimumVisualStudioVersion = 10.0.40219.1
Project("{FAE04EC0-301F-11D3-BF4B-00C04F79EFBC}") = "CloudClipboard", "CloudClipboard\CloudClipboard.csproj", "{1A90F3C7-9A1C-489D-A3CD-6FCD64ED0D5C}"
EndProject
Global
	GlobalSection(SolutionConfigurationPlatforms) = preSolution
		Debug|Any CPU = Debug|Any CPU
		Release|Any CPU = Release|Any CPU
	EndGlobalSection
	GlobalSection(ProjectConfigurationPlatforms) = postSolution
		{1A90F3C7-9A1C-489D-A3CD-6FCD64ED0D5C}.Debug|Any CPU.ActiveCfg = Debug|Any CPU
		{1A90F3C7-9A1C-489D-A3CD-6FCD64ED0D5C}.Debug|Any CPU.Build.0 = Debug|Any CPU
		{1A90F3C7-9A1C-489D-A3CD-6FCD64ED0D5C}.Release|Any CPU.ActiveCfg = Release|Any CPU
		{1A90F3C7-9A1C-489D-A3CD-6FCD64ED0D5C}.Release|Any CPU.Build.0 = Release|Any CPU
	EndGlobalSection
	GlobalSection(SolutionProperties) = preSolution
		HideSolutionNode = FALSE
	EndGlobalSection
	GlobalSection(ExtensibilityGlobals) = postSolution
		SolutionGuid = {0D40819A-4F92-415E-A9A4-A786837CF404}
	EndGlobalSection
EndGlobal
